// !$*UTF8*$!
{
	archiveVersion = 1;
	classes = {
	};
	objectVersion = 46;
	objects = {

/* Begin PBXBuildFile section */
		79668BC41ACE67B60034EF22 /* main.m in Sources */ = {isa = PBXBuildFile; fileRef = 79668BC31ACE67B60034EF22 /* main.m */; };
		79668BC71ACE67B60034EF22 /* AppDelegate.m in Sources */ = {isa = PBXBuildFile; fileRef = 79668BC61ACE67B60034EF22 /* AppDelegate.m */; };
		79668BCA1ACE67B60034EF22 /* ViewController.m in Sources */ = {isa = PBXBuildFile; fileRef = 79668BC91ACE67B60034EF22 /* ViewController.m */; };
		79668BCD1ACE67B60034EF22 /* Main.storyboard in Resources */ = {isa = PBXBuildFile; fileRef = 79668BCB1ACE67B60034EF22 /* Main.storyboard */; };
		79668BCF1ACE67B60034EF22 /* Images.xcassets in Resources */ = {isa = PBXBuildFile; fileRef = 79668BCE1ACE67B60034EF22 /* Images.xcassets */; };
		79668BD21ACE67B60034EF22 /* LaunchScreen.xib in Resources */ = {isa = PBXBuildFile; fileRef = 79668BD01ACE67B60034EF22 /* LaunchScreen.xib */; };
		79668BDE1ACE67B60034EF22 /* annetestTests.m in Sources */ = {isa = PBXBuildFile; fileRef = 79668BDD1ACE67B60034EF22 /* annetestTests.m */; };
		79668D821ACEF3D30034EF22 /* FBSDKCoreKit.framework in Frameworks */ = {isa = PBXBuildFile; fileRef = 79668D7E1ACEF3D30034EF22 /* FBSDKCoreKit.framework */; };
		79668D831ACEF3D30034EF22 /* FBSDKLoginKit.framework in Frameworks */ = {isa = PBXBuildFile; fileRef = 79668D7F1ACEF3D30034EF22 /* FBSDKLoginKit.framework */; };
		79668D851ACEF3D30034EF22 /* FBSDKShareKit.framework in Frameworks */ = {isa = PBXBuildFile; fileRef = 79668D811ACEF3D30034EF22 /* FBSDKShareKit.framework */; };
		79668D871ACEFE3B0034EF22 /* Bolts.framework in Frameworks */ = {isa = PBXBuildFile; fileRef = 79668D861ACEFE3B0034EF22 /* Bolts.framework */; };
/* End PBXBuildFile section */

/* Begin PBXContainerItemProxy section */
		79668BD81ACE67B60034EF22 /* PBXContainerItemProxy */ = {
			isa = PBXContainerItemProxy;
			containerPortal = 79668BB61ACE67B60034EF22 /* Project object */;
			proxyType = 1;
			remoteGlobalIDString = 79668BBD1ACE67B60034EF22;
			remoteInfo = annetest;
		};
/* End PBXContainerItemProxy section */

/* Begin PBXFileReference section */
		79668BBE1ACE67B60034EF22 /* annetest.app */ = {isa = PBXFileReference; explicitFileType = wrapper.application; includeInIndex = 0; path = annetest.app; sourceTree = BUILT_PRODUCTS_DIR; };
		79668BC21ACE67B60034EF22 /* Info.plist */ = {isa = PBXFileReference; lastKnownFileType = text.plist.xml; path = Info.plist; sourceTree = "<group>"; };
		79668BC31ACE67B60034EF22 /* main.m */ = {isa = PBXFileReference; lastKnownFileType = sourcecode.c.objc; path = main.m; sourceTree = "<group>"; };
		79668BC51ACE67B60034EF22 /* AppDelegate.h */ = {isa = PBXFileReference; lastKnownFileType = sourcecode.c.h; path = AppDelegate.h; sourceTree = "<group>"; };
		79668BC61ACE67B60034EF22 /* AppDelegate.m */ = {isa = PBXFileReference; lastKnownFileType = sourcecode.c.objc; path = AppDelegate.m; sourceTree = "<group>"; };
		79668BC81ACE67B60034EF22 /* ViewController.h */ = {isa = PBXFileReference; lastKnownFileType = sourcecode.c.h; path = ViewController.h; sourceTree = "<group>"; };
		79668BC91ACE67B60034EF22 /* ViewController.m */ = {isa = PBXFileReference; lastKnownFileType = sourcecode.c.objc; path = ViewController.m; sourceTree = "<group>"; };
		79668BCC1ACE67B60034EF22 /* Base */ = {isa = PBXFileReference; lastKnownFileType = file.storyboard; name = Base; path = Base.lproj/Main.storyboard; sourceTree = "<group>"; };
		79668BCE1ACE67B60034EF22 /* Images.xcassets */ = {isa = PBXFileReference; lastKnownFileType = folder.assetcatalog; path = Images.xcassets; sourceTree = "<group>"; };
		79668BD11ACE67B60034EF22 /* Base */ = {isa = PBXFileReference; lastKnownFileType = file.xib; name = Base; path = Base.lproj/LaunchScreen.xib; sourceTree = "<group>"; };
		79668BD71ACE67B60034EF22 /* annetestTests.xctest */ = {isa = PBXFileReference; explicitFileType = wrapper.cfbundle; includeInIndex = 0; path = annetestTests.xctest; sourceTree = BUILT_PRODUCTS_DIR; };
		79668BDC1ACE67B60034EF22 /* Info.plist */ = {isa = PBXFileReference; lastKnownFileType = text.plist.xml; path = Info.plist; sourceTree = "<group>"; };
		79668BDD1ACE67B60034EF22 /* annetestTests.m */ = {isa = PBXFileReference; lastKnownFileType = sourcecode.c.objc; path = annetestTests.m; sourceTree = "<group>"; };
		79668D7E1ACEF3D30034EF22 /* FBSDKCoreKit.framework */ = {isa = PBXFileReference; lastKnownFileType = wrapper.framework; name = FBSDKCoreKit.framework; path = ../../../Documents/FacebookSDK/FBSDKCoreKit.framework; sourceTree = "<group>"; };
		79668D7F1ACEF3D30034EF22 /* FBSDKLoginKit.framework */ = {isa = PBXFileReference; lastKnownFileType = wrapper.framework; name = FBSDKLoginKit.framework; path = ../../../Documents/FacebookSDK/FBSDKLoginKit.framework; sourceTree = "<group>"; };
		79668D811ACEF3D30034EF22 /* FBSDKShareKit.framework */ = {isa = PBXFileReference; lastKnownFileType = wrapper.framework; name = FBSDKShareKit.framework; path = ../../../Documents/FacebookSDK/FBSDKShareKit.framework; sourceTree = "<group>"; };
		79668D861ACEFE3B0034EF22 /* Bolts.framework */ = {isa = PBXFileReference; lastKnownFileType = wrapper.framework; name = Bolts.framework; path = ../../../Documents/FacebookSDK/Bolts.framework; sourceTree = "<group>"; };
/* End PBXFileReference section */

/* Begin PBXFrameworksBuildPhase section */
		79668BBB1ACE67B60034EF22 /* Frameworks */ = {
			isa = PBXFrameworksBuildPhase;
			buildActionMask = 2147483647;
			files = (
				79668D821ACEF3D30034EF22 /* FBSDKCoreKit.framework in Frameworks */,
				79668D851ACEF3D30034EF22 /* FBSDKShareKit.framework in Frameworks */,
				79668D831ACEF3D30034EF22 /* FBSDKLoginKit.framework in Frameworks */,
				79668D871ACEFE3B0034EF22 /* Bolts.framework in Frameworks */,
			);
			runOnlyForDeploymentPostprocessing = 0;
		};
		79668BD41ACE67B60034EF22 /* Frameworks */ = {
			isa = PBXFrameworksBuildPhase;
			buildActionMask = 2147483647;
			files = (
			);
			runOnlyForDeploymentPostprocessing = 0;
		};
/* End PBXFrameworksBuildPhase section */

/* Begin PBXGroup section */
		79668BB51ACE67B60034EF22 = {
			isa = PBXGroup;
			children = (
				79668D7E1ACEF3D30034EF22 /* FBSDKCoreKit.framework */,
				79668D7F1ACEF3D30034EF22 /* FBSDKLoginKit.framework */,
				79668D811ACEF3D30034EF22 /* FBSDKShareKit.framework */,
				79668D861ACEFE3B0034EF22 /* Bolts.framework */,
				79668BC01ACE67B60034EF22 /* annetest */,
				79668BDA1ACE67B60034EF22 /* annetestTests */,
				79668BBF1ACE67B60034EF22 /* Products */,
			);
			sourceTree = "<group>";
		};
		79668BBF1ACE67B60034EF22 /* Products */ = {
			isa = PBXGroup;
			children = (
				79668BBE1ACE67B60034EF22 /* annetest.app */,
				79668BD71ACE67B60034EF22 /* annetestTests.xctest */,
			);
			name = Products;
			sourceTree = "<group>";
		};
		79668BC01ACE67B60034EF22 /* annetest */ = {
			isa = PBXGroup;
			children = (
				79668BC51ACE67B60034EF22 /* AppDelegate.h */,
				79668BC61ACE67B60034EF22 /* AppDelegate.m */,
				79668BC81ACE67B60034EF22 /* ViewController.h */,
				79668BC91ACE67B60034EF22 /* ViewController.m */,
				79668BCB1ACE67B60034EF22 /* Main.storyboard */,
				79668BCE1ACE67B60034EF22 /* Images.xcassets */,
				79668BD01ACE67B60034EF22 /* LaunchScreen.xib */,
				79668BC11ACE67B60034EF22 /* Supporting Files */,
			);
			path = annetest;
			sourceTree = "<group>";
		};
		79668BC11ACE67B60034EF22 /* Supporting Files */ = {
			isa = PBXGroup;
			children = (
				79668BC21ACE67B60034EF22 /* Info.plist */,
				79668BC31ACE67B60034EF22 /* main.m */,
			);
			name = "Supporting Files";
			sourceTree = "<group>";
		};
		79668BDA1ACE67B60034EF22 /* annetestTests */ = {
			isa = PBXGroup;
			children = (
				79668BDD1ACE67B60034EF22 /* annetestTests.m */,
				79668BDB1ACE67B60034EF22 /* Supporting Files */,
			);
			path = annetestTests;
			sourceTree = "<group>";
		};
		79668BDB1ACE67B60034EF22 /* Supporting Files */ = {
			isa = PBXGroup;
			children = (
				79668BDC1ACE67B60034EF22 /* Info.plist */,
			);
			name = "Supporting Files";
			sourceTree = "<group>";
		};
/* End PBXGroup section */

/* Begin PBXNativeTarget section */
		79668BBD1ACE67B60034EF22 /* annetest */ = {
			isa = PBXNativeTarget;
			buildConfigurationList = 79668BE11ACE67B60034EF22 /* Build configuration list for PBXNativeTarget "annetest" */;
			buildPhases = (
				79668BBA1ACE67B60034EF22 /* Sources */,
				79668BBB1ACE67B60034EF22 /* Frameworks */,
				79668BBC1ACE67B60034EF22 /* Resources */,
			);
			buildRules = (
			);
			dependencies = (
			);
			name = annetest;
			productName = annetest;
			productReference = 79668BBE1ACE67B60034EF22 /* annetest.app */;
			productType = "com.apple.product-type.application";
		};
		79668BD61ACE67B60034EF22 /* annetestTests */ = {
			isa = PBXNativeTarget;
			buildConfigurationList = 79668BE41ACE67B60034EF22 /* Build configuration list for PBXNativeTarget "annetestTests" */;
			buildPhases = (
				79668BD31ACE67B60034EF22 /* Sources */,
				79668BD41ACE67B60034EF22 /* Frameworks */,
				79668BD51ACE67B60034EF22 /* Resources */,
			);
			buildRules = (
			);
			dependencies = (
				79668BD91ACE67B60034EF22 /* PBXTargetDependency */,
			);
			name = annetestTests;
			productName = annetestTests;
			productReference = 79668BD71ACE67B60034EF22 /* annetestTests.xctest */;
			productType = "com.apple.product-type.bundle.unit-test";
		};
/* End PBXNativeTarget section */

/* Begin PBXProject section */
		79668BB61ACE67B60034EF22 /* Project object */ = {
			isa = PBXProject;
			attributes = {
				LastUpgradeCheck = 0620;
				ORGANIZATIONNAME = UpEarly;
				TargetAttributes = {
					79668BBD1ACE67B60034EF22 = {
						CreatedOnToolsVersion = 6.2;
					};
					79668BD61ACE67B60034EF22 = {
						CreatedOnToolsVersion = 6.2;
						TestTargetID = 79668BBD1ACE67B60034EF22;
					};
				};
			};
			buildConfigurationList = 79668BB91ACE67B60034EF22 /* Build configuration list for PBXProject "annetest" */;
			compatibilityVersion = "Xcode 3.2";
			developmentRegion = English;
			hasScannedForEncodings = 0;
			knownRegions = (
				en,
				Base,
			);
			mainGroup = 79668BB51ACE67B60034EF22;
			productRefGroup = 79668BBF1ACE67B60034EF22 /* Products */;
			projectDirPath = "";
			projectRoot = "";
			targets = (
				79668BBD1ACE67B60034EF22 /* annetest */,
				79668BD61ACE67B60034EF22 /* annetestTests */,
			);
		};
/* End PBXProject section */

/* Begin PBXResourcesBuildPhase section */
		79668BBC1ACE67B60034EF22 /* Resources */ = {
			isa = PBXResourcesBuildPhase;
			buildActionMask = 2147483647;
			files = (
				79668BCD1ACE67B60034EF22 /* Main.storyboard in Resources */,
				79668BD21ACE67B60034EF22 /* LaunchScreen.xib in Resources */,
				79668BCF1ACE67B60034EF22 /* Images.xcassets in Resources */,
			);
			runOnlyForDeploymentPostprocessing = 0;
		};
		79668BD51ACE67B60034EF22 /* Resources */ = {
			isa = PBXResourcesBuildPhase;
			buildActionMask = 2147483647;
			files = (
			);
			runOnlyForDeploymentPostprocessing = 0;
		};
/* End PBXResourcesBuildPhase section */

/* Begin PBXSourcesBuildPhase section */
		79668BBA1ACE67B60034EF22 /* Sources */ = {
			isa = PBXSourcesBuildPhase;
			buildActionMask = 2147483647;
			files = (
				79668BCA1ACE67B60034EF22 /* ViewController.m in Sources */,
				79668BC71ACE67B60034EF22 /* AppDelegate.m in Sources */,
				79668BC41ACE67B60034EF22 /* main.m in Sources */,
			);
			runOnlyForDeploymentPostprocessing = 0;
		};
		79668BD31ACE67B60034EF22 /* Sources */ = {
			isa = PBXSourcesBuildPhase;
			buildActionMask = 2147483647;
			files = (
				79668BDE1ACE67B60034EF22 /* annetestTests.m in Sources */,
			);
			runOnlyForDeploymentPostprocessing = 0;
		};
/* End PBXSourcesBuildPhase section */

/* Begin PBXTargetDependency section */
		79668BD91ACE67B60034EF22 /* PBXTargetDependency */ = {
			isa = PBXTargetDependency;
			target = 79668BBD1ACE67B60034EF22 /* annetest */;
			targetProxy = 79668BD81ACE67B60034EF22 /* PBXContainerItemProxy */;
		};
/* End PBXTargetDependency section */

/* Begin PBXVariantGroup section */
		79668BCB1ACE67B60034EF22 /* Main.storyboard */ = {
			isa = PBXVariantGroup;
			children = (
				79668BCC1ACE67B60034EF22 /* Base */,
			);
			name = Main.storyboard;
			sourceTree = "<group>";
		};
		79668BD01ACE67B60034EF22 /* LaunchScreen.xib */ = {
			isa = PBXVariantGroup;
			children = (
				79668BD11ACE67B60034EF22 /* Base */,
			);
			name = LaunchScreen.xib;
			sourceTree = "<group>";
		};
/* End PBXVariantGroup section */

/* Begin XCBuildConfiguration section */
		79668BDF1ACE67B60034EF22 /* Debug */ = {
			isa = XCBuildConfiguration;
			buildSettings = {
				ALWAYS_SEARCH_USER_PATHS = NO;
				CLANG_ALLOW_NON_MODULAR_INCLUDES_IN_FRAMEWORK_MODULES = YES;
				CLANG_CXX_LANGUAGE_STANDARD = "gnu++0x";
				CLANG_CXX_LIBRARY = "libc++";
				CLANG_ENABLE_MODULES = YES;
				CLANG_ENABLE_OBJC_ARC = YES;
				CLANG_WARN_BOOL_CONVERSION = YES;
				CLANG_WARN_CONSTANT_CONVERSION = YES;
				CLANG_WARN_DIRECT_OBJC_ISA_USAGE = YES_ERROR;
				CLANG_WARN_EMPTY_BODY = YES;
				CLANG_WARN_ENUM_CONVERSION = YES;
				CLANG_WARN_INT_CONVERSION = YES;
				CLANG_WARN_OBJC_ROOT_CLASS = YES_ERROR;
				CLANG_WARN_UNREACHABLE_CODE = YES;
				CLANG_WARN__DUPLICATE_METHOD_MATCH = YES;
				"CODE_SIGN_IDENTITY[sdk=iphoneos*]" = "iPhone Developer";
				COPY_PHASE_STRIP = NO;
				ENABLE_STRICT_OBJC_MSGSEND = YES;
				GCC_C_LANGUAGE_STANDARD = gnu99;
				GCC_DYNAMIC_NO_PIC = NO;
				GCC_OPTIMIZATION_LEVEL = 0;
				GCC_PREPROCESSOR_DEFINITIONS = (
					"DEBUG=1",
					"$(inherited)",
				);
				GCC_SYMBOLS_PRIVATE_EXTERN = NO;
				GCC_WARN_64_TO_32_BIT_CONVERSION = YES;
				GCC_WARN_ABOUT_RETURN_TYPE = YES_ERROR;
				GCC_WARN_UNDECLARED_SELECTOR = YES;
				GCC_WARN_UNINITIALIZED_AUTOS = YES_AGGRESSIVE;
				GCC_WARN_UNUSED_FUNCTION = YES;
				GCC_WARN_UNUSED_VARIABLE = YES;
				IPHONEOS_DEPLOYMENT_TARGET = 8.2;
				MTL_ENABLE_DEBUG_INFO = YES;
				ONLY_ACTIVE_ARCH = YES;
				SDKROOT = iphoneos;
				TARGETED_DEVICE_FAMILY = "1,2";
			};
			name = Debug;
		};
		79668BE01ACE67B60034EF22 /* Release */ = {
			isa = XCBuildConfiguration;
			buildSettings = {
				ALWAYS_SEARCH_USER_PATHS = NO;
				CLANG_ALLOW_NON_MODULAR_INCLUDES_IN_FRAMEWORK_MODULES = YES;
				CLANG_CXX_LANGUAGE_STANDARD = "gnu++0x";
				CLANG_CXX_LIBRARY = "libc++";
				CLANG_ENABLE_MODULES = YES;
				CLANG_ENABLE_OBJC_ARC = YES;
				CLANG_WARN_BOOL_CONVERSION = YES;
				CLANG_WARN_CONSTANT_CONVERSION = YES;
				CLANG_WARN_DIRECT_OBJC_ISA_USAGE = YES_ERROR;
				CLANG_WARN_EMPTY_BODY = YES;
				CLANG_WARN_ENUM_CONVERSION = YES;
				CLANG_WARN_INT_CONVERSION = YES;
				CLANG_WARN_OBJC_ROOT_CLASS = YES_ERROR;
				CLANG_WARN_UNREACHABLE_CODE = YES;
				CLANG_WARN__DUPLICATE_METHOD_MATCH = YES;
				"CODE_SIGN_IDENTITY[sdk=iphoneos*]" = "iPhone Developer";
				COPY_PHASE_STRIP = NO;
				ENABLE_NS_ASSERTIONS = NO;
				ENABLE_STRICT_OBJC_MSGSEND = YES;
				GCC_C_LANGUAGE_STANDARD = gnu99;
				GCC_WARN_64_TO_32_BIT_CONVERSION = YES;
				GCC_WARN_ABOUT_RETURN_TYPE = YES_ERROR;
				GCC_WARN_UNDECLARED_SELECTOR = YES;
				GCC_WARN_UNINITIALIZED_AUTOS = YES_AGGRESSIVE;
				GCC_WARN_UNUSED_FUNCTION = YES;
				GCC_WARN_UNUSED_VARIABLE = YES;
				IPHONEOS_DEPLOYMENT_TARGET = 8.2;
				MTL_ENABLE_DEBUG_INFO = NO;
				SDKROOT = iphoneos;
				TARGETED_DEVICE_FAMILY = "1,2";
				VALIDATE_PRODUCT = YES;
			};
			name = Release;
		};
		79668BE21ACE67B60034EF22 /* Debug */ = {
			isa = XCBuildConfiguration;
			buildSettings = {
				ASSETCATALOG_COMPILER_APPICON_NAME = AppIcon;
				FRAMEWORK_SEARCH_PATHS = (
					"$(inherited)",
					/Users/annemarieketola/Documents/FacebookSDK,
				);
				INFOPLIST_FILE = annetest/Info.plist;
				LD_RUNPATH_SEARCH_PATHS = "$(inherited) @executable_path/Frameworks";
				PRODUCT_NAME = "$(TARGET_NAME)";
			};
			name = Debug;
		};
		79668BE31ACE67B60034EF22 /* Release */ = {
			isa = XCBuildConfiguration;
			buildSettings = {
				ASSETCATALOG_COMPILER_APPICON_NAME = AppIcon;
				FRAMEWORK_SEARCH_PATHS = (
					"$(inherited)",
					/Users/annemarieketola/Documents/FacebookSDK,
				);
				INFOPLIST_FILE = annetest/Info.plist;
				LD_RUNPATH_SEARCH_PATHS = "$(inherited) @executable_path/Frameworks";
				PRODUCT_NAME = "$(TARGET_NAME)";
			};
			name = Release;
		};
		79668BE51ACE67B60034EF22 /* Debug */ = {
			isa = XCBuildConfiguration;
			buildSettings = {
				BUNDLE_LOADER = "$(TEST_HOST)";
				FRAMEWORK_SEARCH_PATHS = (
					"$(SDKROOT)/Developer/Library/Frameworks",
					"$(inherited)",
				);
				GCC_PREPROCESSOR_DEFINITIONS = (
					"DEBUG=1",
					"$(inherited)",
				);
				INFOPLIST_FILE = annetestTests/Info.plist;
				LD_RUNPATH_SEARCH_PATHS = "$(inherited) @executable_path/Frameworks @loader_path/Frameworks";
				PRODUCT_NAME = "$(TARGET_NAME)";
				TEST_HOST = "$(BUILT_PRODUCTS_DIR)/annetest.app/annetest";
			};
			name = Debug;
		};
		79668BE61ACE67B60034EF22 /* Release */ = {
			isa = XCBuildConfiguration;
			buildSettings = {
				BUNDLE_LOADER = "$(TEST_HOST)";
				FRAMEWORK_SEARCH_PATHS = (
					"$(SDKROOT)/Developer/Library/Frameworks",
					"$(inherited)",
				);
				INFOPLIST_FILE = annetestTests/Info.plist;
				LD_RUNPATH_SEARCH_PATHS = "$(inherited) @executable_path/Frameworks @loader_path/Frameworks";
				PRODUCT_NAME = "$(TARGET_NAME)";
				TEST_HOST = "$(BUILT_PRODUCTS_DIR)/annetest.app/annetest";
			};
			name = Release;
		};
/* End XCBuildConfiguration section */

/* Begin XCConfigurationList section */
		79668BB91ACE67B60034EF22 /* Build configuration list for PBXProject "annetest" */ = {
			isa = XCConfigurationList;
			buildConfigurations = (
				79668BDF1ACE67B60034EF22 /* Debug */,
				79668BE01ACE67B60034EF22 /* Release */,
			);
			defaultConfigurationIsVisible = 0;
			defaultConfigurationName = Release;
		};
		79668BE11ACE67B60034EF22 /* Build configuration list for PBXNativeTarget "annetest" */ = {
			isa = XCConfigurationList;
			buildConfigurations = (
				79668BE21ACE67B60034EF22 /* Debug */,
				79668BE31ACE67B60034EF22 /* Release */,
			);
			defaultConfigurationIsVisible = 0;
			defaultConfigurationName = Release;
		};
		79668BE41ACE67B60034EF22 /* Build configuration list for PBXNativeTarget "annetestTests" */ = {
			isa = XCConfigurationList;
			buildConfigurations = (
				79668BE51ACE67B60034EF22 /* Debug */,
				79668BE61ACE67B60034EF22 /* Release */,
			);
			defaultConfigurationIsVisible = 0;
			defaultConfigurationName = Release;
		};
/* End XCConfigurationList section */
	};
	rootObject = 79668BB61ACE67B60034EF22 /* Project object */;
}
